
Microsoft Visual Studio Solution File, Format Version 12.00
# Visual Studio Version 16
VisualStudioVersion = 16.0.30517.126
MinimumVisualStudioVersion = 10.0.40219.1
Project("{FAE04EC0-301F-11D3-BF4B-00C04F79EFBC}") = "QUANLYLINHKIEN", "QUANLYLINHKIEN\QUANLYLINHKIEN.csproj", "{18BAAE2C-69A5-4352-A2C8-23414DC72464}"
EndProject
Global
	GlobalSection(SolutionConfigurationPlatforms) = preSolution
		Debug|Any CPU = Debug|Any CPU
		Release|Any CPU = Release|Any CPU
	EndGlobalSection
	GlobalSection(ProjectConfigurationPlatforms) = postSolution
		{18BAAE2C-69A5-4352-A2C8-23414DC72464}.Debug|Any CPU.ActiveCfg = Debug|Any CPU
		{18BAAE2C-69A5-4352-A2C8-23414DC72464}.Debug|Any CPU.Build.0 = Debug|Any CPU
		{18BAAE2C-69A5-4352-A2C8-23414DC72464}.Release|Any CPU.ActiveCfg = Release|Any CPU
		{18BAAE2C-69A5-4352-A2C8-23414DC72464}.Release|Any CPU.Build.0 = Release|Any CPU
	EndGlobalSection
	GlobalSection(SolutionProperties) = preSolution
		HideSolutionNode = FALSE
	EndGlobalSection
	GlobalSection(ExtensibilityGlobals) = postSolution
		SolutionGuid = {1AB6BC69-A92B-434C-8B18-AB10BF495539}
	EndGlobalSection
EndGlobal
